// !$*UTF8*$!
{
	archiveVersion = 1;
	classes = {
	};
	objectVersion = 50;
	objects = {

/* Begin PBXBuildFile section */
		04684197227C3B93007DAB7C /* AppDelegate.swift in Sources */ = {isa = PBXBuildFile; fileRef = 04684196227C3B93007DAB7C /* AppDelegate.swift */; };
		0468419C227C3B93007DAB7C /* Main.storyboard in Resources */ = {isa = PBXBuildFile; fileRef = 0468419A227C3B93007DAB7C /* Main.storyboard */; };
		0468419E227C3B94007DAB7C /* Assets.xcassets in Resources */ = {isa = PBXBuildFile; fileRef = 0468419D227C3B94007DAB7C /* Assets.xcassets */; };
		046841A1227C3B94007DAB7C /* LaunchScreen.storyboard in Resources */ = {isa = PBXBuildFile; fileRef = 0468419F227C3B94007DAB7C /* LaunchScreen.storyboard */; };
		046841AC227C3B94007DAB7C /* Learn_iOSTests.swift in Sources */ = {isa = PBXBuildFile; fileRef = 046841AB227C3B94007DAB7C /* Learn_iOSTests.swift */; };
		046841B7227C3B94007DAB7C /* Learn_iOSUITests.swift in Sources */ = {isa = PBXBuildFile; fileRef = 046841B6227C3B94007DAB7C /* Learn_iOSUITests.swift */; };
		046841C9227C3C55007DAB7C /* UserViewController.swift in Sources */ = {isa = PBXBuildFile; fileRef = 046841C8227C3C55007DAB7C /* UserViewController.swift */; };
		046841CB227C3C69007DAB7C /* PostViewController.swift in Sources */ = {isa = PBXBuildFile; fileRef = 046841CA227C3C69007DAB7C /* PostViewController.swift */; };
		046841CE227C41AE007DAB7C /* UserTableViewCell.swift in Sources */ = {isa = PBXBuildFile; fileRef = 046841CC227C41AE007DAB7C /* UserTableViewCell.swift */; };
		046841CF227C41AE007DAB7C /* UserTableViewCell.xib in Resources */ = {isa = PBXBuildFile; fileRef = 046841CD227C41AE007DAB7C /* UserTableViewCell.xib */; };
		046841D2227C41C4007DAB7C /* PostTableViewCell.swift in Sources */ = {isa = PBXBuildFile; fileRef = 046841D0227C41C4007DAB7C /* PostTableViewCell.swift */; };
		046841D3227C41C4007DAB7C /* PostTableViewCell.xib in Resources */ = {isa = PBXBuildFile; fileRef = 046841D1227C41C4007DAB7C /* PostTableViewCell.xib */; };
		046841D5227C4261007DAB7C /* User.swift in Sources */ = {isa = PBXBuildFile; fileRef = 046841D4227C4261007DAB7C /* User.swift */; };
		046841D7227C42AD007DAB7C /* UserAdapter.swift in Sources */ = {isa = PBXBuildFile; fileRef = 046841D6227C42AD007DAB7C /* UserAdapter.swift */; };
		046841DA227C4525007DAB7C /* ApiManager.swift in Sources */ = {isa = PBXBuildFile; fileRef = 046841D9227C4525007DAB7C /* ApiManager.swift */; };
		048F1EFF228292BA0059C88E /* UserViewControllerTest.swift in Sources */ = {isa = PBXBuildFile; fileRef = 048F1EFE228292BA0059C88E /* UserViewControllerTest.swift */; };
		048F1F012282D9460059C88E /* Post.swift in Sources */ = {isa = PBXBuildFile; fileRef = 048F1F002282D9460059C88E /* Post.swift */; };
		11854FEABC7314610165C9FA /* Pods_Learn_iOSTests.framework in Frameworks */ = {isa = PBXBuildFile; fileRef = 997E10D8EB6011F5608EC51F /* Pods_Learn_iOSTests.framework */; };
		23ED879DC8575E84B2814B31 /* Pods_Learn_iOSUITests.framework in Frameworks */ = {isa = PBXBuildFile; fileRef = 372F24038A40026F488DFFCF /* Pods_Learn_iOSUITests.framework */; };
		70B87A8A800B2C5E1818957B /* Pods_Learn_iOS.framework in Frameworks */ = {isa = PBXBuildFile; fileRef = 92439D3234E9F5CF792D6DFF /* Pods_Learn_iOS.framework */; };
/* End PBXBuildFile section */

/* Begin PBXContainerItemProxy section */
		046841A8227C3B94007DAB7C /* PBXContainerItemProxy */ = {
			isa = PBXContainerItemProxy;
			containerPortal = 0468418B227C3B93007DAB7C /* Project object */;
			proxyType = 1;
			remoteGlobalIDString = 04684192227C3B93007DAB7C;
			remoteInfo = "Learn-iOS";
		};
		046841B3227C3B94007DAB7C /* PBXContainerItemProxy */ = {
			isa = PBXContainerItemProxy;
			containerPortal = 0468418B227C3B93007DAB7C /* Project object */;
			proxyType = 1;
			remoteGlobalIDString = 04684192227C3B93007DAB7C;
			remoteInfo = "Learn-iOS";
		};
/* End PBXContainerItemProxy section */

/* Begin PBXFileReference section */
		04684193227C3B93007DAB7C /* Learn-iOS.app */ = {isa = PBXFileReference; explicitFileType = wrapper.application; includeInIndex = 0; path = "Learn-iOS.app"; sourceTree = BUILT_PRODUCTS_DIR; };
		04684196227C3B93007DAB7C /* AppDelegate.swift */ = {isa = PBXFileReference; lastKnownFileType = sourcecode.swift; path = AppDelegate.swift; sourceTree = "<group>"; };
		0468419B227C3B93007DAB7C /* Base */ = {isa = PBXFileReference; lastKnownFileType = file.storyboard; name = Base; path = Base.lproj/Main.storyboard; sourceTree = "<group>"; };
		0468419D227C3B94007DAB7C /* Assets.xcassets */ = {isa = PBXFileReference; lastKnownFileType = folder.assetcatalog; path = Assets.xcassets; sourceTree = "<group>"; };
		046841A0227C3B94007DAB7C /* Base */ = {isa = PBXFileReference; lastKnownFileType = file.storyboard; name = Base; path = Base.lproj/LaunchScreen.storyboard; sourceTree = "<group>"; };
		046841A2227C3B94007DAB7C /* Info.plist */ = {isa = PBXFileReference; lastKnownFileType = text.plist.xml; path = Info.plist; sourceTree = "<group>"; };
		046841A7227C3B94007DAB7C /* Learn-iOSTests.xctest */ = {isa = PBXFileReference; explicitFileType = wrapper.cfbundle; includeInIndex = 0; path = "Learn-iOSTests.xctest"; sourceTree = BUILT_PRODUCTS_DIR; };
		046841AB227C3B94007DAB7C /* Learn_iOSTests.swift */ = {isa = PBXFileReference; lastKnownFileType = sourcecode.swift; path = Learn_iOSTests.swift; sourceTree = "<group>"; };
		046841AD227C3B94007DAB7C /* Info.plist */ = {isa = PBXFileReference; lastKnownFileType = text.plist.xml; path = Info.plist; sourceTree = "<group>"; };
		046841B2227C3B94007DAB7C /* Learn-iOSUITests.xctest */ = {isa = PBXFileReference; explicitFileType = wrapper.cfbundle; includeInIndex = 0; path = "Learn-iOSUITests.xctest"; sourceTree = BUILT_PRODUCTS_DIR; };
		046841B6227C3B94007DAB7C /* Learn_iOSUITests.swift */ = {isa = PBXFileReference; lastKnownFileType = sourcecode.swift; path = Learn_iOSUITests.swift; sourceTree = "<group>"; };
		046841B8227C3B94007DAB7C /* Info.plist */ = {isa = PBXFileReference; lastKnownFileType = text.plist.xml; path = Info.plist; sourceTree = "<group>"; };
		046841C8227C3C55007DAB7C /* UserViewController.swift */ = {isa = PBXFileReference; lastKnownFileType = sourcecode.swift; path = UserViewController.swift; sourceTree = "<group>"; };
		046841CA227C3C69007DAB7C /* PostViewController.swift */ = {isa = PBXFileReference; lastKnownFileType = sourcecode.swift; path = PostViewController.swift; sourceTree = "<group>"; };
		046841CC227C41AE007DAB7C /* UserTableViewCell.swift */ = {isa = PBXFileReference; lastKnownFileType = sourcecode.swift; path = UserTableViewCell.swift; sourceTree = "<group>"; };
		046841CD227C41AE007DAB7C /* UserTableViewCell.xib */ = {isa = PBXFileReference; lastKnownFileType = file.xib; path = UserTableViewCell.xib; sourceTree = "<group>"; };
		046841D0227C41C4007DAB7C /* PostTableViewCell.swift */ = {isa = PBXFileReference; lastKnownFileType = sourcecode.swift; path = PostTableViewCell.swift; sourceTree = "<group>"; };
		046841D1227C41C4007DAB7C /* PostTableViewCell.xib */ = {isa = PBXFileReference; lastKnownFileType = file.xib; path = PostTableViewCell.xib; sourceTree = "<group>"; };
		046841D4227C4261007DAB7C /* User.swift */ = {isa = PBXFileReference; lastKnownFileType = sourcecode.swift; path = User.swift; sourceTree = "<group>"; };
		046841D6227C42AD007DAB7C /* UserAdapter.swift */ = {isa = PBXFileReference; lastKnownFileType = sourcecode.swift; path = UserAdapter.swift; sourceTree = "<group>"; };
		046841D9227C4525007DAB7C /* ApiManager.swift */ = {isa = PBXFileReference; lastKnownFileType = sourcecode.swift; path = ApiManager.swift; sourceTree = "<group>"; };
		048F1EFE228292BA0059C88E /* UserViewControllerTest.swift */ = {isa = PBXFileReference; lastKnownFileType = sourcecode.swift; path = UserViewControllerTest.swift; sourceTree = "<group>"; };
		048F1F002282D9460059C88E /* Post.swift */ = {isa = PBXFileReference; lastKnownFileType = sourcecode.swift; path = Post.swift; sourceTree = "<group>"; };
		2B4D47C6C21D2C96BAC6EBA2 /* Pods-Learn-iOSUITests.debug.xcconfig */ = {isa = PBXFileReference; includeInIndex = 1; lastKnownFileType = text.xcconfig; name = "Pods-Learn-iOSUITests.debug.xcconfig"; path = "Pods/Target Support Files/Pods-Learn-iOSUITests/Pods-Learn-iOSUITests.debug.xcconfig"; sourceTree = "<group>"; };
		372F24038A40026F488DFFCF /* Pods_Learn_iOSUITests.framework */ = {isa = PBXFileReference; explicitFileType = wrapper.framework; includeInIndex = 0; path = Pods_Learn_iOSUITests.framework; sourceTree = BUILT_PRODUCTS_DIR; };
		60006936794F6E777133836C /* Pods-Learn-iOSTests.debug.xcconfig */ = {isa = PBXFileReference; includeInIndex = 1; lastKnownFileType = text.xcconfig; name = "Pods-Learn-iOSTests.debug.xcconfig"; path = "Pods/Target Support Files/Pods-Learn-iOSTests/Pods-Learn-iOSTests.debug.xcconfig"; sourceTree = "<group>"; };
		782C6A7AAF3553884E4FEE2B /* Pods-Learn-iOS.release.xcconfig */ = {isa = PBXFileReference; includeInIndex = 1; lastKnownFileType = text.xcconfig; name = "Pods-Learn-iOS.release.xcconfig"; path = "Pods/Target Support Files/Pods-Learn-iOS/Pods-Learn-iOS.release.xcconfig"; sourceTree = "<group>"; };
		7E9BF18AAE5A141B219C188C /* Pods-Learn-iOSUITests.release.xcconfig */ = {isa = PBXFileReference; includeInIndex = 1; lastKnownFileType = text.xcconfig; name = "Pods-Learn-iOSUITests.release.xcconfig"; path = "Pods/Target Support Files/Pods-Learn-iOSUITests/Pods-Learn-iOSUITests.release.xcconfig"; sourceTree = "<group>"; };
		8288ED95713F97358E95CA47 /* Pods-Learn-iOSTests.release.xcconfig */ = {isa = PBXFileReference; includeInIndex = 1; lastKnownFileType = text.xcconfig; name = "Pods-Learn-iOSTests.release.xcconfig"; path = "Pods/Target Support Files/Pods-Learn-iOSTests/Pods-Learn-iOSTests.release.xcconfig"; sourceTree = "<group>"; };
		92439D3234E9F5CF792D6DFF /* Pods_Learn_iOS.framework */ = {isa = PBXFileReference; explicitFileType = wrapper.framework; includeInIndex = 0; path = Pods_Learn_iOS.framework; sourceTree = BUILT_PRODUCTS_DIR; };
		997E10D8EB6011F5608EC51F /* Pods_Learn_iOSTests.framework */ = {isa = PBXFileReference; explicitFileType = wrapper.framework; includeInIndex = 0; path = Pods_Learn_iOSTests.framework; sourceTree = BUILT_PRODUCTS_DIR; };
		B5FB8BCE532EB1E5C28FEBDD /* Pods-Learn-iOS.debug.xcconfig */ = {isa = PBXFileReference; includeInIndex = 1; lastKnownFileType = text.xcconfig; name = "Pods-Learn-iOS.debug.xcconfig"; path = "Pods/Target Support Files/Pods-Learn-iOS/Pods-Learn-iOS.debug.xcconfig"; sourceTree = "<group>"; };
/* End PBXFileReference section */

/* Begin PBXFrameworksBuildPhase section */
		04684190227C3B93007DAB7C /* Frameworks */ = {
			isa = PBXFrameworksBuildPhase;
			buildActionMask = 2147483647;
			files = (
				70B87A8A800B2C5E1818957B /* Pods_Learn_iOS.framework in Frameworks */,
			);
			runOnlyForDeploymentPostprocessing = 0;
		};
		046841A4227C3B94007DAB7C /* Frameworks */ = {
			isa = PBXFrameworksBuildPhase;
			buildActionMask = 2147483647;
			files = (
				11854FEABC7314610165C9FA /* Pods_Learn_iOSTests.framework in Frameworks */,
			);
			runOnlyForDeploymentPostprocessing = 0;
		};
		046841AF227C3B94007DAB7C /* Frameworks */ = {
			isa = PBXFrameworksBuildPhase;
			buildActionMask = 2147483647;
			files = (
				23ED879DC8575E84B2814B31 /* Pods_Learn_iOSUITests.framework in Frameworks */,
			);
			runOnlyForDeploymentPostprocessing = 0;
		};
/* End PBXFrameworksBuildPhase section */

/* Begin PBXGroup section */
		03CC9FA06DA9F82F7360D971 /* Pods */ = {
			isa = PBXGroup;
			children = (
				B5FB8BCE532EB1E5C28FEBDD /* Pods-Learn-iOS.debug.xcconfig */,
				782C6A7AAF3553884E4FEE2B /* Pods-Learn-iOS.release.xcconfig */,
				60006936794F6E777133836C /* Pods-Learn-iOSTests.debug.xcconfig */,
				8288ED95713F97358E95CA47 /* Pods-Learn-iOSTests.release.xcconfig */,
				2B4D47C6C21D2C96BAC6EBA2 /* Pods-Learn-iOSUITests.debug.xcconfig */,
				7E9BF18AAE5A141B219C188C /* Pods-Learn-iOSUITests.release.xcconfig */,
			);
			name = Pods;
			sourceTree = "<group>";
		};
		0468418A227C3B93007DAB7C = {
			isa = PBXGroup;
			children = (
				04684195227C3B93007DAB7C /* Learn-iOS */,
				046841AA227C3B94007DAB7C /* Learn-iOSTests */,
				046841B5227C3B94007DAB7C /* Learn-iOSUITests */,
				04684194227C3B93007DAB7C /* Products */,
				03CC9FA06DA9F82F7360D971 /* Pods */,
				E7FE80C39D3EA8EF5E424F24 /* Frameworks */,
			);
			sourceTree = "<group>";
		};
		04684194227C3B93007DAB7C /* Products */ = {
			isa = PBXGroup;
			children = (
				04684193227C3B93007DAB7C /* Learn-iOS.app */,
				046841A7227C3B94007DAB7C /* Learn-iOSTests.xctest */,
				046841B2227C3B94007DAB7C /* Learn-iOSUITests.xctest */,
			);
			name = Products;
			sourceTree = "<group>";
		};
		04684195227C3B93007DAB7C /* Learn-iOS */ = {
			isa = PBXGroup;
			children = (
				046841D8227C450E007DAB7C /* Service */,
				046841C7227C3C10007DAB7C /* ViewControllers */,
				046841C5227C3C01007DAB7C /* Views */,
				046841C4227C3BCF007DAB7C /* Models */,
				04684196227C3B93007DAB7C /* AppDelegate.swift */,
				0468419A227C3B93007DAB7C /* Main.storyboard */,
				0468419D227C3B94007DAB7C /* Assets.xcassets */,
				0468419F227C3B94007DAB7C /* LaunchScreen.storyboard */,
				046841A2227C3B94007DAB7C /* Info.plist */,
			);
			path = "Learn-iOS";
			sourceTree = "<group>";
		};
		046841AA227C3B94007DAB7C /* Learn-iOSTests */ = {
			isa = PBXGroup;
			children = (
				048F1EFD228292920059C88E /* Controller Test */,
				046841AB227C3B94007DAB7C /* Learn_iOSTests.swift */,
				046841AD227C3B94007DAB7C /* Info.plist */,
			);
			path = "Learn-iOSTests";
			sourceTree = "<group>";
		};
		046841B5227C3B94007DAB7C /* Learn-iOSUITests */ = {
			isa = PBXGroup;
			children = (
				046841B6227C3B94007DAB7C /* Learn_iOSUITests.swift */,
				046841B8227C3B94007DAB7C /* Info.plist */,
			);
			path = "Learn-iOSUITests";
			sourceTree = "<group>";
		};
		046841C4227C3BCF007DAB7C /* Models */ = {
			isa = PBXGroup;
			children = (
				046841D4227C4261007DAB7C /* User.swift */,
				046841D6227C42AD007DAB7C /* UserAdapter.swift */,
				048F1F002282D9460059C88E /* Post.swift */,
			);
			path = Models;
			sourceTree = "<group>";
		};
		046841C5227C3C01007DAB7C /* Views */ = {
			isa = PBXGroup;
			children = (
				046841C6227C3C08007DAB7C /* Cells */,
			);
			path = Views;
			sourceTree = "<group>";
		};
		046841C6227C3C08007DAB7C /* Cells */ = {
			isa = PBXGroup;
			children = (
				046841CC227C41AE007DAB7C /* UserTableViewCell.swift */,
				046841CD227C41AE007DAB7C /* UserTableViewCell.xib */,
				046841D0227C41C4007DAB7C /* PostTableViewCell.swift */,
				046841D1227C41C4007DAB7C /* PostTableViewCell.xib */,
			);
			path = Cells;
			sourceTree = "<group>";
		};
		046841C7227C3C10007DAB7C /* ViewControllers */ = {
			isa = PBXGroup;
			children = (
				046841C8227C3C55007DAB7C /* UserViewController.swift */,
				046841CA227C3C69007DAB7C /* PostViewController.swift */,
			);
			path = ViewControllers;
			sourceTree = "<group>";
		};
		046841D8227C450E007DAB7C /* Service */ = {
			isa = PBXGroup;
			children = (
				046841D9227C4525007DAB7C /* ApiManager.swift */,
			);
			path = Service;
			sourceTree = "<group>";
		};
		048F1EFD228292920059C88E /* Controller Test */ = {
			isa = PBXGroup;
			children = (
				048F1EFE228292BA0059C88E /* UserViewControllerTest.swift */,
			);
			path = "Controller Test";
			sourceTree = "<group>";
		};
		E7FE80C39D3EA8EF5E424F24 /* Frameworks */ = {
			isa = PBXGroup;
			children = (
				92439D3234E9F5CF792D6DFF /* Pods_Learn_iOS.framework */,
				997E10D8EB6011F5608EC51F /* Pods_Learn_iOSTests.framework */,
				372F24038A40026F488DFFCF /* Pods_Learn_iOSUITests.framework */,
			);
			name = Frameworks;
			sourceTree = "<group>";
		};
/* End PBXGroup section */

/* Begin PBXNativeTarget section */
		04684192227C3B93007DAB7C /* Learn-iOS */ = {
			isa = PBXNativeTarget;
			buildConfigurationList = 046841BB227C3B94007DAB7C /* Build configuration list for PBXNativeTarget "Learn-iOS" */;
			buildPhases = (
				815FC81346C1A7DE0274FC17 /* [CP] Check Pods Manifest.lock */,
				0468418F227C3B93007DAB7C /* Sources */,
				04684190227C3B93007DAB7C /* Frameworks */,
				04684191227C3B93007DAB7C /* Resources */,
				BCC4B14FEB1B6C0B97BD43FE /* [CP] Embed Pods Frameworks */,
			);
			buildRules = (
			);
			dependencies = (
			);
			name = "Learn-iOS";
			productName = "Learn-iOS";
			productReference = 04684193227C3B93007DAB7C /* Learn-iOS.app */;
			productType = "com.apple.product-type.application";
		};
		046841A6227C3B94007DAB7C /* Learn-iOSTests */ = {
			isa = PBXNativeTarget;
			buildConfigurationList = 046841BE227C3B94007DAB7C /* Build configuration list for PBXNativeTarget "Learn-iOSTests" */;
			buildPhases = (
				D3DE0C0AA6DA16DD126C1639 /* [CP] Check Pods Manifest.lock */,
				046841A3227C3B94007DAB7C /* Sources */,
				046841A4227C3B94007DAB7C /* Frameworks */,
				046841A5227C3B94007DAB7C /* Resources */,
				D66BCEEEC760309A537316A2 /* [CP] Embed Pods Frameworks */,
			);
			buildRules = (
			);
			dependencies = (
				046841A9227C3B94007DAB7C /* PBXTargetDependency */,
			);
			name = "Learn-iOSTests";
			productName = "Learn-iOSTests";
			productReference = 046841A7227C3B94007DAB7C /* Learn-iOSTests.xctest */;
			productType = "com.apple.product-type.bundle.unit-test";
		};
		046841B1227C3B94007DAB7C /* Learn-iOSUITests */ = {
			isa = PBXNativeTarget;
			buildConfigurationList = 046841C1227C3B94007DAB7C /* Build configuration list for PBXNativeTarget "Learn-iOSUITests" */;
			buildPhases = (
				9576A1F7211A61DFF9846579 /* [CP] Check Pods Manifest.lock */,
				046841AE227C3B94007DAB7C /* Sources */,
				046841AF227C3B94007DAB7C /* Frameworks */,
				046841B0227C3B94007DAB7C /* Resources */,
			);
			buildRules = (
			);
			dependencies = (
				046841B4227C3B94007DAB7C /* PBXTargetDependency */,
			);
			name = "Learn-iOSUITests";
			productName = "Learn-iOSUITests";
			productReference = 046841B2227C3B94007DAB7C /* Learn-iOSUITests.xctest */;
			productType = "com.apple.product-type.bundle.ui-testing";
		};
/* End PBXNativeTarget section */

/* Begin PBXProject section */
		0468418B227C3B93007DAB7C /* Project object */ = {
			isa = PBXProject;
			attributes = {
				LastSwiftUpdateCheck = 1020;
				LastUpgradeCheck = 1020;
				ORGANIZATIONNAME = Mac;
				TargetAttributes = {
					04684192227C3B93007DAB7C = {
						CreatedOnToolsVersion = 10.2.1;
					};
					046841A6227C3B94007DAB7C = {
						CreatedOnToolsVersion = 10.2.1;
						TestTargetID = 04684192227C3B93007DAB7C;
					};
					046841B1227C3B94007DAB7C = {
						CreatedOnToolsVersion = 10.2.1;
						TestTargetID = 04684192227C3B93007DAB7C;
					};
				};
			};
			buildConfigurationList = 0468418E227C3B93007DAB7C /* Build configuration list for PBXProject "Learn-iOS" */;
			compatibilityVersion = "Xcode 9.3";
			developmentRegion = en;
			hasScannedForEncodings = 0;
			knownRegions = (
				en,
				Base,
			);
			mainGroup = 0468418A227C3B93007DAB7C;
			productRefGroup = 04684194227C3B93007DAB7C /* Products */;
			projectDirPath = "";
			projectRoot = "";
			targets = (
				04684192227C3B93007DAB7C /* Learn-iOS */,
				046841A6227C3B94007DAB7C /* Learn-iOSTests */,
				046841B1227C3B94007DAB7C /* Learn-iOSUITests */,
			);
		};
/* End PBXProject section */

/* Begin PBXResourcesBuildPhase section */
		04684191227C3B93007DAB7C /* Resources */ = {
			isa = PBXResourcesBuildPhase;
			buildActionMask = 2147483647;
			files = (
				046841CF227C41AE007DAB7C /* UserTableViewCell.xib in Resources */,
				046841D3227C41C4007DAB7C /* PostTableViewCell.xib in Resources */,
				046841A1227C3B94007DAB7C /* LaunchScreen.storyboard in Resources */,
				0468419E227C3B94007DAB7C /* Assets.xcassets in Resources */,
				0468419C227C3B93007DAB7C /* Main.storyboard in Resources */,
			);
			runOnlyForDeploymentPostprocessing = 0;
		};
		046841A5227C3B94007DAB7C /* Resources */ = {
			isa = PBXResourcesBuildPhase;
			buildActionMask = 2147483647;
			files = (
			);
			runOnlyForDeploymentPostprocessing = 0;
		};
		046841B0227C3B94007DAB7C /* Resources */ = {
			isa = PBXResourcesBuildPhase;
			buildActionMask = 2147483647;
			files = (
			);
			runOnlyForDeploymentPostprocessing = 0;
		};
/* End PBXResourcesBuildPhase section */

/* Begin PBXShellScriptBuildPhase section */
		815FC81346C1A7DE0274FC17 /* [CP] Check Pods Manifest.lock */ = {
			isa = PBXShellScriptBuildPhase;
			buildActionMask = 2147483647;
			files = (
			);
			inputFileListPaths = (
			);
			inputPaths = (
				"${PODS_PODFILE_DIR_PATH}/Podfile.lock",
				"${PODS_ROOT}/Manifest.lock",
			);
			name = "[CP] Check Pods Manifest.lock";
			outputFileListPaths = (
			);
			outputPaths = (
				"$(DERIVED_FILE_DIR)/Pods-Learn-iOS-checkManifestLockResult.txt",
			);
			runOnlyForDeploymentPostprocessing = 0;
			shellPath = /bin/sh;
			shellScript = "diff \"${PODS_PODFILE_DIR_PATH}/Podfile.lock\" \"${PODS_ROOT}/Manifest.lock\" > /dev/null\nif [ $? != 0 ] ; then\n    # print error to STDERR\n    echo \"error: The sandbox is not in sync with the Podfile.lock. Run 'pod install' or update your CocoaPods installation.\" >&2\n    exit 1\nfi\n# This output is used by Xcode 'outputs' to avoid re-running this script phase.\necho \"SUCCESS\" > \"${SCRIPT_OUTPUT_FILE_0}\"\n";
			showEnvVarsInLog = 0;
		};
		9576A1F7211A61DFF9846579 /* [CP] Check Pods Manifest.lock */ = {
			isa = PBXShellScriptBuildPhase;
			buildActionMask = 2147483647;
			files = (
			);
			inputFileListPaths = (
			);
			inputPaths = (
				"${PODS_PODFILE_DIR_PATH}/Podfile.lock",
				"${PODS_ROOT}/Manifest.lock",
			);
			name = "[CP] Check Pods Manifest.lock";
			outputFileListPaths = (
			);
			outputPaths = (
				"$(DERIVED_FILE_DIR)/Pods-Learn-iOSUITests-checkManifestLockResult.txt",
			);
			runOnlyForDeploymentPostprocessing = 0;
			shellPath = /bin/sh;
			shellScript = "diff \"${PODS_PODFILE_DIR_PATH}/Podfile.lock\" \"${PODS_ROOT}/Manifest.lock\" > /dev/null\nif [ $? != 0 ] ; then\n    # print error to STDERR\n    echo \"error: The sandbox is not in sync with the Podfile.lock. Run 'pod install' or update your CocoaPods installation.\" >&2\n    exit 1\nfi\n# This output is used by Xcode 'outputs' to avoid re-running this script phase.\necho \"SUCCESS\" > \"${SCRIPT_OUTPUT_FILE_0}\"\n";
			showEnvVarsInLog = 0;
		};
		BCC4B14FEB1B6C0B97BD43FE /* [CP] Embed Pods Frameworks */ = {
			isa = PBXShellScriptBuildPhase;
			buildActionMask = 2147483647;
			files = (
			);
			inputFileListPaths = (
			);
			inputPaths = (
				"${SRCROOT}/Pods/Target Support Files/Pods-Learn-iOS/Pods-Learn-iOS-frameworks.sh",
				"${BUILT_PRODUCTS_DIR}/Alamofire/Alamofire.framework",
				"${BUILT_PRODUCTS_DIR}/GTMSessionFetcher/GTMSessionFetcher.framework",
				"${BUILT_PRODUCTS_DIR}/GoogleUtilities/GoogleUtilities.framework",
				"${BUILT_PRODUCTS_DIR}/IGListKit/IGListKit.framework",
				"${BUILT_PRODUCTS_DIR}/RxSwift/RxSwift.framework",
				"${BUILT_PRODUCTS_DIR}/SwiftyJSON/SwiftyJSON.framework",
				"${BUILT_PRODUCTS_DIR}/Texture/AsyncDisplayKit.framework",
				"${BUILT_PRODUCTS_DIR}/nanopb/nanopb.framework",
			);
			name = "[CP] Embed Pods Frameworks";
			outputFileListPaths = (
			);
			outputPaths = (
				"${TARGET_BUILD_DIR}/${FRAMEWORKS_FOLDER_PATH}/Alamofire.framework",
				"${TARGET_BUILD_DIR}/${FRAMEWORKS_FOLDER_PATH}/GTMSessionFetcher.framework",
				"${TARGET_BUILD_DIR}/${FRAMEWORKS_FOLDER_PATH}/GoogleUtilities.framework",
				"${TARGET_BUILD_DIR}/${FRAMEWORKS_FOLDER_PATH}/IGListKit.framework",
				"${TARGET_BUILD_DIR}/${FRAMEWORKS_FOLDER_PATH}/RxSwift.framework",
				"${TARGET_BUILD_DIR}/${FRAMEWORKS_FOLDER_PATH}/SwiftyJSON.framework",
				"${TARGET_BUILD_DIR}/${FRAMEWORKS_FOLDER_PATH}/AsyncDisplayKit.framework",
				"${TARGET_BUILD_DIR}/${FRAMEWORKS_FOLDER_PATH}/nanopb.framework",
			);
			runOnlyForDeploymentPostprocessing = 0;
			shellPath = /bin/sh;
			shellScript = "\"${SRCROOT}/Pods/Target Support Files/Pods-Learn-iOS/Pods-Learn-iOS-frameworks.sh\"\n";
			showEnvVarsInLog = 0;
		};
		D3DE0C0AA6DA16DD126C1639 /* [CP] Check Pods Manifest.lock */ = {
			isa = PBXShellScriptBuildPhase;
			buildActionMask = 2147483647;
			files = (
			);
			inputFileListPaths = (
			);
			inputPaths = (
				"${PODS_PODFILE_DIR_PATH}/Podfile.lock",
				"${PODS_ROOT}/Manifest.lock",
			);
			name = "[CP] Check Pods Manifest.lock";
			outputFileListPaths = (
			);
			outputPaths = (
				"$(DERIVED_FILE_DIR)/Pods-Learn-iOSTests-checkManifestLockResult.txt",
			);
			runOnlyForDeploymentPostprocessing = 0;
			shellPath = /bin/sh;
			shellScript = "diff \"${PODS_PODFILE_DIR_PATH}/Podfile.lock\" \"${PODS_ROOT}/Manifest.lock\" > /dev/null\nif [ $? != 0 ] ; then\n    # print error to STDERR\n    echo \"error: The sandbox is not in sync with the Podfile.lock. Run 'pod install' or update your CocoaPods installation.\" >&2\n    exit 1\nfi\n# This output is used by Xcode 'outputs' to avoid re-running this script phase.\necho \"SUCCESS\" > \"${SCRIPT_OUTPUT_FILE_0}\"\n";
			showEnvVarsInLog = 0;
		};
		D66BCEEEC760309A537316A2 /* [CP] Embed Pods Frameworks */ = {
			isa = PBXShellScriptBuildPhase;
			buildActionMask = 2147483647;
			files = (
			);
			inputFileListPaths = (
			);
			inputPaths = (
				"${SRCROOT}/Pods/Target Support Files/Pods-Learn-iOSTests/Pods-Learn-iOSTests-frameworks.sh",
				"${BUILT_PRODUCTS_DIR}/GoogleUtilities/GoogleUtilities.framework",
				"${BUILT_PRODUCTS_DIR}/nanopb/nanopb.framework",
				"${BUILT_PRODUCTS_DIR}/Nimble/Nimble.framework",
				"${BUILT_PRODUCTS_DIR}/Quick/Quick.framework",
			);
			name = "[CP] Embed Pods Frameworks";
			outputFileListPaths = (
			);
			outputPaths = (
				"${TARGET_BUILD_DIR}/${FRAMEWORKS_FOLDER_PATH}/GoogleUtilities.framework",
				"${TARGET_BUILD_DIR}/${FRAMEWORKS_FOLDER_PATH}/nanopb.framework",
				"${TARGET_BUILD_DIR}/${FRAMEWORKS_FOLDER_PATH}/Nimble.framework",
				"${TARGET_BUILD_DIR}/${FRAMEWORKS_FOLDER_PATH}/Quick.framework",
			);
			runOnlyForDeploymentPostprocessing = 0;
			shellPath = /bin/sh;
			shellScript = "\"${SRCROOT}/Pods/Target Support Files/Pods-Learn-iOSTests/Pods-Learn-iOSTests-frameworks.sh\"\n";
			showEnvVarsInLog = 0;
		};
/* End PBXShellScriptBuildPhase section */

/* Begin PBXSourcesBuildPhase section */
		0468418F227C3B93007DAB7C /* Sources */ = {
			isa = PBXSourcesBuildPhase;
			buildActionMask = 2147483647;
			files = (
				046841DA227C4525007DAB7C /* ApiManager.swift in Sources */,
				046841CE227C41AE007DAB7C /* UserTableViewCell.swift in Sources */,
				046841CB227C3C69007DAB7C /* PostViewController.swift in Sources */,
				046841D5227C4261007DAB7C /* User.swift in Sources */,
				046841D2227C41C4007DAB7C /* PostTableViewCell.swift in Sources */,
				046841D7227C42AD007DAB7C /* UserAdapter.swift in Sources */,
				048F1F012282D9460059C88E /* Post.swift in Sources */,
				04684197227C3B93007DAB7C /* AppDelegate.swift in Sources */,
				046841C9227C3C55007DAB7C /* UserViewController.swift in Sources */,
			);
			runOnlyForDeploymentPostprocessing = 0;
		};
		046841A3227C3B94007DAB7C /* Sources */ = {
			isa = PBXSourcesBuildPhase;
			buildActionMask = 2147483647;
			files = (
				046841AC227C3B94007DAB7C /* Learn_iOSTests.swift in Sources */,
				048F1EFF228292BA0059C88E /* UserViewControllerTest.swift in Sources */,
			);
			runOnlyForDeploymentPostprocessing = 0;
		};
		046841AE227C3B94007DAB7C /* Sources */ = {
			isa = PBXSourcesBuildPhase;
			buildActionMask = 2147483647;
			files = (
				046841B7227C3B94007DAB7C /* Learn_iOSUITests.swift in Sources */,
			);
			runOnlyForDeploymentPostprocessing = 0;
		};
/* End PBXSourcesBuildPhase section */

/* Begin PBXTargetDependency section */
		046841A9227C3B94007DAB7C /* PBXTargetDependency */ = {
			isa = PBXTargetDependency;
			target = 04684192227C3B93007DAB7C /* Learn-iOS */;
			targetProxy = 046841A8227C3B94007DAB7C /* PBXContainerItemProxy */;
		};
		046841B4227C3B94007DAB7C /* PBXTargetDependency */ = {
			isa = PBXTargetDependency;
			target = 04684192227C3B93007DAB7C /* Learn-iOS */;
			targetProxy = 046841B3227C3B94007DAB7C /* PBXContainerItemProxy */;
		};
/* End PBXTargetDependency section */

/* Begin PBXVariantGroup section */
		0468419A227C3B93007DAB7C /* Main.storyboard */ = {
			isa = PBXVariantGroup;
			children = (
				0468419B227C3B93007DAB7C /* Base */,
			);
			name = Main.storyboard;
			sourceTree = "<group>";
		};
		0468419F227C3B94007DAB7C /* LaunchScreen.storyboard */ = {
			isa = PBXVariantGroup;
			children = (
				046841A0227C3B94007DAB7C /* Base */,
			);
			name = LaunchScreen.storyboard;
			sourceTree = "<group>";
		};
/* End PBXVariantGroup section */

/* Begin XCBuildConfiguration section */
		046841B9227C3B94007DAB7C /* Debug */ = {
			isa = XCBuildConfiguration;
			buildSettings = {
				ALWAYS_SEARCH_USER_PATHS = NO;
				CLANG_ANALYZER_NONNULL = YES;
				CLANG_ANALYZER_NUMBER_OBJECT_CONVERSION = YES_AGGRESSIVE;
				CLANG_CXX_LANGUAGE_STANDARD = "gnu++14";
				CLANG_CXX_LIBRARY = "libc++";
				CLANG_ENABLE_MODULES = YES;
				CLANG_ENABLE_OBJC_ARC = YES;
				CLANG_ENABLE_OBJC_WEAK = YES;
				CLANG_WARN_BLOCK_CAPTURE_AUTORELEASING = YES;
				CLANG_WARN_BOOL_CONVERSION = YES;
				CLANG_WARN_COMMA = YES;
				CLANG_WARN_CONSTANT_CONVERSION = YES;
				CLANG_WARN_DEPRECATED_OBJC_IMPLEMENTATIONS = YES;
				CLANG_WARN_DIRECT_OBJC_ISA_USAGE = YES_ERROR;
				CLANG_WARN_DOCUMENTATION_COMMENTS = YES;
				CLANG_WARN_EMPTY_BODY = YES;
				CLANG_WARN_ENUM_CONVERSION = YES;
				CLANG_WARN_INFINITE_RECURSION = YES;
				CLANG_WARN_INT_CONVERSION = YES;
				CLANG_WARN_NON_LITERAL_NULL_CONVERSION = YES;
				CLANG_WARN_OBJC_IMPLICIT_RETAIN_SELF = YES;
				CLANG_WARN_OBJC_LITERAL_CONVERSION = YES;
				CLANG_WARN_OBJC_ROOT_CLASS = YES_ERROR;
				CLANG_WARN_RANGE_LOOP_ANALYSIS = YES;
				CLANG_WARN_STRICT_PROTOTYPES = YES;
				CLANG_WARN_SUSPICIOUS_MOVE = YES;
				CLANG_WARN_UNGUARDED_AVAILABILITY = YES_AGGRESSIVE;
				CLANG_WARN_UNREACHABLE_CODE = YES;
				CLANG_WARN__DUPLICATE_METHOD_MATCH = YES;
				CODE_SIGN_IDENTITY = "iPhone Developer";
				COPY_PHASE_STRIP = NO;
				DEBUG_INFORMATION_FORMAT = dwarf;
				ENABLE_STRICT_OBJC_MSGSEND = YES;
				ENABLE_TESTABILITY = YES;
				GCC_C_LANGUAGE_STANDARD = gnu11;
				GCC_DYNAMIC_NO_PIC = NO;
				GCC_NO_COMMON_BLOCKS = YES;
				GCC_OPTIMIZATION_LEVEL = 0;
				GCC_PREPROCESSOR_DEFINITIONS = (
					"DEBUG=1",
					"$(inherited)",
				);
				GCC_WARN_64_TO_32_BIT_CONVERSION = YES;
				GCC_WARN_ABOUT_RETURN_TYPE = YES_ERROR;
				GCC_WARN_UNDECLARED_SELECTOR = YES;
				GCC_WARN_UNINITIALIZED_AUTOS = YES_AGGRESSIVE;
				GCC_WARN_UNUSED_FUNCTION = YES;
				GCC_WARN_UNUSED_VARIABLE = YES;
				IPHONEOS_DEPLOYMENT_TARGET = 12.2;
				MTL_ENABLE_DEBUG_INFO = INCLUDE_SOURCE;
				MTL_FAST_MATH = YES;
				ONLY_ACTIVE_ARCH = YES;
				SDKROOT = iphoneos;
				SWIFT_ACTIVE_COMPILATION_CONDITIONS = DEBUG;
				SWIFT_OPTIMIZATION_LEVEL = "-Onone";
			};
			name = Debug;
		};
		046841BA227C3B94007DAB7C /* Release */ = {
			isa = XCBuildConfiguration;
			buildSettings = {
				ALWAYS_SEARCH_USER_PATHS = NO;
				CLANG_ANALYZER_NONNULL = YES;
				CLANG_ANALYZER_NUMBER_OBJECT_CONVERSION = YES_AGGRESSIVE;
				CLANG_CXX_LANGUAGE_STANDARD = "gnu++14";
				CLANG_CXX_LIBRARY = "libc++";
				CLANG_ENABLE_MODULES = YES;
				CLANG_ENABLE_OBJC_ARC = YES;
				CLANG_ENABLE_OBJC_WEAK = YES;
				CLANG_WARN_BLOCK_CAPTURE_AUTORELEASING = YES;
				CLANG_WARN_BOOL_CONVERSION = YES;
				CLANG_WARN_COMMA = YES;
				CLANG_WARN_CONSTANT_CONVERSION = YES;
				CLANG_WARN_DEPRECATED_OBJC_IMPLEMENTATIONS = YES;
				CLANG_WARN_DIRECT_OBJC_ISA_USAGE = YES_ERROR;
				CLANG_WARN_DOCUMENTATION_COMMENTS = YES;
				CLANG_WARN_EMPTY_BODY = YES;
				CLANG_WARN_ENUM_CONVERSION = YES;
				CLANG_WARN_INFINITE_RECURSION = YES;
				CLANG_WARN_INT_CONVERSION = YES;
				CLANG_WARN_NON_LITERAL_NULL_CONVERSION = YES;
				CLANG_WARN_OBJC_IMPLICIT_RETAIN_SELF = YES;
				CLANG_WARN_OBJC_LITERAL_CONVERSION = YES;
				CLANG_WARN_OBJC_ROOT_CLASS = YES_ERROR;
				CLANG_WARN_RANGE_LOOP_ANALYSIS = YES;
				CLANG_WARN_STRICT_PROTOTYPES = YES;
				CLANG_WARN_SUSPICIOUS_MOVE = YES;
				CLANG_WARN_UNGUARDED_AVAILABILITY = YES_AGGRESSIVE;
				CLANG_WARN_UNREACHABLE_CODE = YES;
				CLANG_WARN__DUPLICATE_METHOD_MATCH = YES;
				CODE_SIGN_IDENTITY = "iPhone Developer";
				COPY_PHASE_STRIP = NO;
				DEBUG_INFORMATION_FORMAT = "dwarf-with-dsym";
				ENABLE_NS_ASSERTIONS = NO;
				ENABLE_STRICT_OBJC_MSGSEND = YES;
				GCC_C_LANGUAGE_STANDARD = gnu11;
				GCC_NO_COMMON_BLOCKS = YES;
				GCC_WARN_64_TO_32_BIT_CONVERSION = YES;
				GCC_WARN_ABOUT_RETURN_TYPE = YES_ERROR;
				GCC_WARN_UNDECLARED_SELECTOR = YES;
				GCC_WARN_UNINITIALIZED_AUTOS = YES_AGGRESSIVE;
				GCC_WARN_UNUSED_FUNCTION = YES;
				GCC_WARN_UNUSED_VARIABLE = YES;
				IPHONEOS_DEPLOYMENT_TARGET = 12.2;
				MTL_ENABLE_DEBUG_INFO = NO;
				MTL_FAST_MATH = YES;
				SDKROOT = iphoneos;
				SWIFT_COMPILATION_MODE = wholemodule;
				SWIFT_OPTIMIZATION_LEVEL = "-O";
				VALIDATE_PRODUCT = YES;
			};
			name = Release;
		};
		046841BC227C3B94007DAB7C /* Debug */ = {
			isa = XCBuildConfiguration;
			baseConfigurationReference = B5FB8BCE532EB1E5C28FEBDD /* Pods-Learn-iOS.debug.xcconfig */;
			buildSettings = {
				ASSETCATALOG_COMPILER_APPICON_NAME = AppIcon;
				CODE_SIGN_STYLE = Automatic;
				DEVELOPMENT_TEAM = 4H9525HG66;
				INFOPLIST_FILE = "Learn-iOS/Info.plist";
				LD_RUNPATH_SEARCH_PATHS = (
					"$(inherited)",
					"@executable_path/Frameworks",
				);
				PRODUCT_BUNDLE_IDENTIFIER = "com.learn.ios.Learn-iOS";
				PRODUCT_NAME = "$(TARGET_NAME)";
				SWIFT_VERSION = 5.0;
				TARGETED_DEVICE_FAMILY = "1,2";
			};
			name = Debug;
		};
		046841BD227C3B94007DAB7C /* Release */ = {
			isa = XCBuildConfiguration;
			baseConfigurationReference = 782C6A7AAF3553884E4FEE2B /* Pods-Learn-iOS.release.xcconfig */;
			buildSettings = {
				ASSETCATALOG_COMPILER_APPICON_NAME = AppIcon;
				CODE_SIGN_STYLE = Automatic;
				DEVELOPMENT_TEAM = 4H9525HG66;
				INFOPLIST_FILE = "Learn-iOS/Info.plist";
				LD_RUNPATH_SEARCH_PATHS = (
					"$(inherited)",
					"@executable_path/Frameworks",
				);
				PRODUCT_BUNDLE_IDENTIFIER = "com.learn.ios.Learn-iOS";
				PRODUCT_NAME = "$(TARGET_NAME)";
				SWIFT_VERSION = 5.0;
				TARGETED_DEVICE_FAMILY = "1,2";
			};
			name = Release;
		};
		046841BF227C3B94007DAB7C /* Debug */ = {
			isa = XCBuildConfiguration;
			baseConfigurationReference = 60006936794F6E777133836C /* Pods-Learn-iOSTests.debug.xcconfig */;
			buildSettings = {
				ALWAYS_EMBED_SWIFT_STANDARD_LIBRARIES = NO;
				BUNDLE_LOADER = "$(TEST_HOST)";
				CODE_SIGN_STYLE = Automatic;
				DEVELOPMENT_TEAM = 4H9525HG66;
				INFOPLIST_FILE = "Learn-iOSTests/Info.plist";
				LD_RUNPATH_SEARCH_PATHS = (
					"$(inherited)",
					"@executable_path/Frameworks",
					"@loader_path/Frameworks",
				);
				PRODUCT_BUNDLE_IDENTIFIER = "com.learn.ios.Learn-iOSTests";
				PRODUCT_NAME = "$(TARGET_NAME)";
				SWIFT_VERSION = 5.0;
				TARGETED_DEVICE_FAMILY = "1,2";
				TEST_HOST = "$(BUILT_PRODUCTS_DIR)/Learn-iOS.app/Learn-iOS";
			};
			name = Debug;
		};
		046841C0227C3B94007DAB7C /* Release */ = {
			isa = XCBuildConfiguration;
			baseConfigurationReference = 8288ED95713F97358E95CA47 /* Pods-Learn-iOSTests.release.xcconfig */;
			buildSettings = {
				ALWAYS_EMBED_SWIFT_STANDARD_LIBRARIES = NO;
				BUNDLE_LOADER = "$(TEST_HOST)";
				CODE_SIGN_STYLE = Automatic;
				DEVELOPMENT_TEAM = 4H9525HG66;
				INFOPLIST_FILE = "Learn-iOSTests/Info.plist";
				LD_RUNPATH_SEARCH_PATHS = (
					"$(inherited)",
					"@executable_path/Frameworks",
					"@loader_path/Frameworks",
				);
				PRODUCT_BUNDLE_IDENTIFIER = "com.learn.ios.Learn-iOSTests";
				PRODUCT_NAME = "$(TARGET_NAME)";
				SWIFT_VERSION = 5.0;
				TARGETED_DEVICE_FAMILY = "1,2";
				TEST_HOST = "$(BUILT_PRODUCTS_DIR)/Learn-iOS.app/Learn-iOS";
			};
			name = Release;
		};
		046841C2227C3B94007DAB7C /* Debug */ = {
			isa = XCBuildConfiguration;
			baseConfigurationReference = 2B4D47C6C21D2C96BAC6EBA2 /* Pods-Learn-iOSUITests.debug.xcconfig */;
			buildSettings = {
				ALWAYS_EMBED_SWIFT_STANDARD_LIBRARIES = NO;
				CODE_SIGN_STYLE = Automatic;
				DEVELOPMENT_TEAM = 4H9525HG66;
				INFOPLIST_FILE = "Learn-iOSUITests/Info.plist";
				LD_RUNPATH_SEARCH_PATHS = (
					"$(inherited)",
					"@executable_path/Frameworks",
					"@loader_path/Frameworks",
				);
				PRODUCT_BUNDLE_IDENTIFIER = "com.learn.ios.Learn-iOSUITests";
				PRODUCT_NAME = "$(TARGET_NAME)";
				SWIFT_VERSION = 5.0;
				TARGETED_DEVICE_FAMILY = "1,2";
				TEST_TARGET_NAME = "Learn-iOS";
			};
			name = Debug;
		};
		046841C3227C3B94007DAB7C /* Release */ = {
			isa = XCBuildConfiguration;
			baseConfigurationReference = 7E9BF18AAE5A141B219C188C /* Pods-Learn-iOSUITests.release.xcconfig */;
			buildSettings = {
				ALWAYS_EMBED_SWIFT_STANDARD_LIBRARIES = NO;
				CODE_SIGN_STYLE = Automatic;
				DEVELOPMENT_TEAM = 4H9525HG66;
				INFOPLIST_FILE = "Learn-iOSUITests/Info.plist";
				LD_RUNPATH_SEARCH_PATHS = (
					"$(inherited)",
					"@executable_path/Frameworks",
					"@loader_path/Frameworks",
				);
				PRODUCT_BUNDLE_IDENTIFIER = "com.learn.ios.Learn-iOSUITests";
				PRODUCT_NAME = "$(TARGET_NAME)";
				SWIFT_VERSION = 5.0;
				TARGETED_DEVICE_FAMILY = "1,2";
				TEST_TARGET_NAME = "Learn-iOS";
			};
			name = Release;
		};
/* End XCBuildConfiguration section */

/* Begin XCConfigurationList section */
		0468418E227C3B93007DAB7C /* Build configuration list for PBXProject "Learn-iOS" */ = {
			isa = XCConfigurationList;
			buildConfigurations = (
				046841B9227C3B94007DAB7C /* Debug */,
				046841BA227C3B94007DAB7C /* Release */,
			);
			defaultConfigurationIsVisible = 0;
			defaultConfigurationName = Release;
		};
		046841BB227C3B94007DAB7C /* Build configuration list for PBXNativeTarget "Learn-iOS" */ = {
			isa = XCConfigurationList;
			buildConfigurations = (
				046841BC227C3B94007DAB7C /* Debug */,
				046841BD227C3B94007DAB7C /* Release */,
			);
			defaultConfigurationIsVisible = 0;
			defaultConfigurationName = Release;
		};
		046841BE227C3B94007DAB7C /* Build configuration list for PBXNativeTarget "Learn-iOSTests" */ = {
			isa = XCConfigurationList;
			buildConfigurations = (
				046841BF227C3B94007DAB7C /* Debug */,
				046841C0227C3B94007DAB7C /* Release */,
			);
			defaultConfigurationIsVisible = 0;
			defaultConfigurationName = Release;
		};
		046841C1227C3B94007DAB7C /* Build configuration list for PBXNativeTarget "Learn-iOSUITests" */ = {
			isa = XCConfigurationList;
			buildConfigurations = (
				046841C2227C3B94007DAB7C /* Debug */,
				046841C3227C3B94007DAB7C /* Release */,
			);
			defaultConfigurationIsVisible = 0;
			defaultConfigurationName = Release;
		};
/* End XCConfigurationList section */
	};
	rootObject = 0468418B227C3B93007DAB7C /* Project object */;
}
